
Microsoft Visual Studio Solution File, Format Version 12.00
# Visual Studio 15
VisualStudioVersion = 15.0.26730.16
MinimumVisualStudioVersion = 10.0.40219.1
Project("{8BC9CEB8-8B4A-11D0-8D11-00A0C91BC942}") = "AEngine", "AEngine\AEngine.vcxproj", "{9839A870-23AE-44DD-95AA-857EC1119546}"
EndProject
Project("{8BC9CEB8-8B4A-11D0-8D11-00A0C91BC942}") = "Utility", "Utility\Utility.vcxproj", "{B0F9295B-ECAE-49AC-BB83-981BFC70E784}"
EndProject
Project("{8BC9CEB8-8B4A-11D0-8D11-00A0C91BC942}") = "Window", "Window\Window.vcxproj", "{4CF13019-9BF4-4E1E-B45C-73CD66DB0F5D}"
EndProject
Global
	GlobalSection(SolutionConfigurationPlatforms) = preSolution
		Debug|x64 = Debug|x64
		Debug|x86 = Debug|x86
		Release|x64 = Release|x64
		Release|x86 = Release|x86
	EndGlobalSection
	GlobalSection(ProjectConfigurationPlatforms) = postSolution
		{9839A870-23AE-44DD-95AA-857EC1119546}.Debug|x64.ActiveCfg = Debug|x64
		{9839A870-23AE-44DD-95AA-857EC1119546}.Debug|x64.Build.0 = Debug|x64
		{9839A870-23AE-44DD-95AA-857EC1119546}.Debug|x86.ActiveCfg = Debug|Win32
		{9839A870-23AE-44DD-95AA-857EC1119546}.Debug|x86.Build.0 = Debug|Win32
		{9839A870-23AE-44DD-95AA-857EC1119546}.Release|x64.ActiveCfg = Release|x64
		{9839A870-23AE-44DD-95AA-857EC1119546}.Release|x64.Build.0 = Release|x64
		{9839A870-23AE-44DD-95AA-857EC1119546}.Release|x86.ActiveCfg = Release|Win32
		{9839A870-23AE-44DD-95AA-857EC1119546}.Release|x86.Build.0 = Release|Win32
		{B0F9295B-ECAE-49AC-BB83-981BFC70E784}.Debug|x64.ActiveCfg = Debug|x64
		{B0F9295B-ECAE-49AC-BB83-981BFC70E784}.Debug|x64.Build.0 = Debug|x64
		{B0F9295B-ECAE-49AC-BB83-981BFC70E784}.Debug|x86.ActiveCfg = Debug|Win32
		{B0F9295B-ECAE-49AC-BB83-981BFC70E784}.Debug|x86.Build.0 = Debug|Win32
		{B0F9295B-ECAE-49AC-BB83-981BFC70E784}.Release|x64.ActiveCfg = Release|x64
		{B0F9295B-ECAE-49AC-BB83-981BFC70E784}.Release|x64.Build.0 = Release|x64
		{B0F9295B-ECAE-49AC-BB83-981BFC70E784}.Release|x86.ActiveCfg = Release|Win32
		{B0F9295B-ECAE-49AC-BB83-981BFC70E784}.Release|x86.Build.0 = Release|Win32
		{4CF13019-9BF4-4E1E-B45C-73CD66DB0F5D}.Debug|x64.ActiveCfg = Debug|x64
		{4CF13019-9BF4-4E1E-B45C-73CD66DB0F5D}.Debug|x64.Build.0 = Debug|x64
		{4CF13019-9BF4-4E1E-B45C-73CD66DB0F5D}.Debug|x86.ActiveCfg = Debug|Win32
		{4CF13019-9BF4-4E1E-B45C-73CD66DB0F5D}.Debug|x86.Build.0 = Debug|Win32
		{4CF13019-9BF4-4E1E-B45C-73CD66DB0F5D}.Release|x64.ActiveCfg = Release|x64
		{4CF13019-9BF4-4E1E-B45C-73CD66DB0F5D}.Release|x64.Build.0 = Release|x64
		{4CF13019-9BF4-4E1E-B45C-73CD66DB0F5D}.Release|x86.ActiveCfg = Release|Win32
		{4CF13019-9BF4-4E1E-B45C-73CD66DB0F5D}.Release|x86.Build.0 = Release|Win32
	EndGlobalSection
	GlobalSection(SolutionProperties) = preSolution
		HideSolutionNode = FALSE
	EndGlobalSection
	GlobalSection(ExtensibilityGlobals) = postSolution
		SolutionGuid = {3CE0BFB1-10E4-49F6-B596-BAE28628756A}
	EndGlobalSection
EndGlobal
