<?xml version="1.0" encoding="utf-8"?>
<Project ToolsVersion="4.0" xmlns="http://schemas.microsoft.com/developer/msbuild/2003">
  <ItemGroup>
    <Filter Include="Demos">
      <UniqueIdentifier>{6fef0ec1-7987-4065-a7e5-e45316728e1d}</UniqueIdentifier>
    </Filter>
    <Filter Include="Graphics">
      <UniqueIdentifier>{ee2e6a3a-16ce-4433-a7e7-2d905ccada90}</UniqueIdentifier>
    </Filter>
    <Filter Include="Math">
      <UniqueIdentifier>{03ac5dba-b316-49f8-bcad-919b4d03da9f}</UniqueIdentifier>
    </Filter>
    <Filter Include="UTIL">
      <UniqueIdentifier>{450dcf58-b130-4cd9-82ae-db253479aa12}</UniqueIdentifier>
    </Filter>
    <Filter Include="Game">
      <UniqueIdentifier>{77a4bda5-5672-44b9-b105-4cea4b8f4f66}</UniqueIdentifier>
    </Filter>
    <Filter Include="Assets">
      <UniqueIdentifier>{67DA6AB6-F800-4c08-8B7A-83BB121AAD01}</UniqueIdentifier>
      <Extensions>rc;ico;cur;bmp;dlg;rc2;rct;bin;rgs;gif;jpg;jpeg;jpe;resx;tiff;tif;png;wav;mfcribbon-ms</Extensions>
    </Filter>
    <Filter Include="Game\Behaviour">
      <UniqueIdentifier>{69eba527-9265-4c33-9efa-350535938427}</UniqueIdentifier>
    </Filter>
    <Filter Include="Game\Component">
      <UniqueIdentifier>{468e9004-e0a1-45f9-96fb-7a94ae28fc4c}</UniqueIdentifier>
    </Filter>
    <Filter Include="Graphics\Resource">
      <UniqueIdentifier>{aca8377d-6640-4eae-bfbd-fd3cdcbe689e}</UniqueIdentifier>
    </Filter>
  </ItemGroup>
  <ItemGroup>
    <ClInclude Include="DrawCube.h">
      <Filter>Demos</Filter>
    </ClInclude>
    <ClInclude Include="DrawLine.h">
      <Filter>Demos</Filter>
    </ClInclude>
    <ClInclude Include="ExecuteIndirect.h">
      <Filter>Demos</Filter>
    </ClInclude>
    <ClInclude Include="frameBuffering.h">
      <Filter>Demos</Filter>
    </ClInclude>
    <ClInclude Include="NBody.h">
      <Filter>Demos</Filter>
    </ClInclude>
    <ClInclude Include="Color.h">
      <Filter>Graphics</Filter>
    </ClInclude>
    <ClInclude Include="CommandContext.h">
      <Filter>Graphics</Filter>
    </ClInclude>
    <ClInclude Include="CommandList.h">
      <Filter>Graphics</Filter>
    </ClInclude>
    <ClInclude Include="CommandQueue.h">
      <Filter>Graphics</Filter>
    </ClInclude>
    <ClInclude Include="dds.h">
      <Filter>Graphics</Filter>
    </ClInclude>
    <ClInclude Include="DescriptorHeap.hpp">
      <Filter>Graphics</Filter>
    </ClInclude>
    <ClInclude Include="DynamicConstantBuffer.h">
      <Filter>Graphics</Filter>
    </ClInclude>
    <ClInclude Include="GraphicCard.h">
      <Filter>Graphics</Filter>
    </ClInclude>
    <ClInclude Include="IEffect.h">
      <Filter>Graphics</Filter>
    </ClInclude>
    <ClInclude Include="PipelineState.h">
      <Filter>Graphics</Filter>
    </ClInclude>
    <ClInclude Include="RenderCore.h">
      <Filter>Graphics</Filter>
    </ClInclude>
    <ClInclude Include="RenderCoreConstants.h">
      <Filter>Graphics</Filter>
    </ClInclude>
    <ClInclude Include="RootSignature.h">
      <Filter>Graphics</Filter>
    </ClInclude>
    <ClInclude Include="SampleParticles.h">
      <Filter>Graphics</Filter>
    </ClInclude>
    <ClInclude Include="ShaderClass.h">
      <Filter>Graphics</Filter>
    </ClInclude>
    <ClInclude Include="Quaternion.hpp">
      <Filter>Math</Filter>
    </ClInclude>
    <ClInclude Include="Vector.hpp">
      <Filter>Math</Filter>
    </ClInclude>
    <ClInclude Include="d3dx12.h">
      <Filter>UTIL</Filter>
    </ClInclude>
    <ClInclude Include="DebugLog.h">
      <Filter>UTIL</Filter>
    </ClInclude>
    <ClInclude Include="DTimer.h">
      <Filter>UTIL</Filter>
    </ClInclude>
    <ClInclude Include="DX.h">
      <Filter>UTIL</Filter>
    </ClInclude>
    <ClInclude Include="Input.h">
      <Filter>UTIL</Filter>
    </ClInclude>
    <ClInclude Include="MCamera.h">
      <Filter>UTIL</Filter>
    </ClInclude>
    <ClInclude Include="Screen.h">
      <Filter>UTIL</Filter>
    </ClInclude>
    <ClInclude Include="Driver.h">
      <Filter>Game</Filter>
    </ClInclude>
    <ClInclude Include="GameObject.h">
      <Filter>Game</Filter>
    </ClInclude>
    <ClInclude Include="PhysicsCore.h">
      <Filter>Game</Filter>
    </ClInclude>
    <ClInclude Include="Rigidbody3D.h">
      <Filter>Game</Filter>
    </ClInclude>
    <ClInclude Include="SampleAssets.h">
      <Filter>Game</Filter>
    </ClInclude>
    <ClInclude Include="Scene.h">
      <Filter>Game</Filter>
    </ClInclude>
    <ClInclude Include="BaseBehaviour.h">
      <Filter>Game\Behaviour</Filter>
    </ClInclude>
    <ClInclude Include="Camera.h">
      <Filter>Game\Component</Filter>
    </ClInclude>
    <ClInclude Include="ComputeUnit.h">
      <Filter>Game\Component</Filter>
    </ClInclude>
    <ClInclude Include="ObjectBehaviour.h">
      <Filter>Game\Behaviour</Filter>
    </ClInclude>
    <ClInclude Include="Renderer.h">
      <Filter>Game\Component</Filter>
    </ClInclude>
    <ClInclude Include="SampleMeshRender.h">
      <Filter>Game\Component</Filter>
    </ClInclude>
    <ClInclude Include="SpriteRenderer.h">
      <Filter>Game\Component</Filter>
    </ClInclude>
    <ClInclude Include="Transform.h">
      <Filter>Game\Component</Filter>
    </ClInclude>
    <ClInclude Include="ParticlesRenderer.h">
      <Filter>Game\Component</Filter>
    </ClInclude>
    <ClInclude Include="ColorBuffer.h">
      <Filter>Graphics\Resource</Filter>
    </ClInclude>
    <ClInclude Include="DepthBuffer.h">
      <Filter>Graphics\Resource</Filter>
    </ClInclude>
    <ClInclude Include="GpuBuffer.h">
      <Filter>Graphics\Resource</Filter>
    </ClInclude>
    <ClInclude Include="GpuResource.h">
      <Filter>Graphics\Resource</Filter>
    </ClInclude>
    <ClInclude Include="PixelBuffer.h">
      <Filter>Graphics\Resource</Filter>
    </ClInclude>
    <ClInclude Include="Texture.h">
      <Filter>Graphics\Resource</Filter>
    </ClInclude>
    <ClInclude Include="VertexBuffer.h">
      <Filter>Graphics\Resource</Filter>
    </ClInclude>
    <ClInclude Include="MatrixBuffer.h">
      <Filter>Graphics\Resource</Filter>
    </ClInclude>
    <ClInclude Include="MultiBuffer.hpp">
      <Filter>Graphics\Resource</Filter>
    </ClInclude>
    <ClInclude Include="Fence.hpp">
      <Filter>Graphics</Filter>
    </ClInclude>
    <ClInclude Include="UICore.h">
      <Filter>Graphics</Filter>
    </ClInclude>
    <ClInclude Include="Hash.hpp">
      <Filter>Math</Filter>
    </ClInclude>
    <ClInclude Include="DMath.hpp">
      <Filter>Math</Filter>
    </ClInclude>
    <ClInclude Include="onwind.h">
      <Filter>UTIL</Filter>
    </ClInclude>
    <ClInclude Include="ThreadPool.hpp">
      <Filter>UTIL</Filter>
    </ClInclude>
    <ClInclude Include="ManagedTask.hpp">
      <Filter>UTIL</Filter>
    </ClInclude>
    <ClInclude Include="Object.h">
      <Filter>UTIL</Filter>
    </ClInclude>
    <ClInclude Include="Canvas.h">
      <Filter>Game</Filter>
    </ClInclude>
  </ItemGroup>
  <ItemGroup>
    <ClCompile Include="DrawCube.cpp">
      <Filter>Demos</Filter>
    </ClCompile>
    <ClCompile Include="DrawLine.cpp">
      <Filter>Demos</Filter>
    </ClCompile>
    <ClCompile Include="ExecuteIndirect.cpp">
      <Filter>Demos</Filter>
    </ClCompile>
    <ClCompile Include="frameBuffering.cpp">
      <Filter>Demos</Filter>
    </ClCompile>
    <ClCompile Include="NBody.cpp">
      <Filter>Demos</Filter>
    </ClCompile>
    <ClCompile Include="Color.cpp">
      <Filter>Graphics</Filter>
    </ClCompile>
    <ClCompile Include="CommandContext.cpp">
      <Filter>Graphics</Filter>
    </ClCompile>
    <ClCompile Include="CommandList.cpp">
      <Filter>Graphics</Filter>
    </ClCompile>
    <ClCompile Include="CommandQueue.cpp">
      <Filter>Graphics</Filter>
    </ClCompile>
    <ClCompile Include="DescriptorHeap.cpp">
      <Filter>Graphics</Filter>
    </ClCompile>
    <ClCompile Include="DynamicConstantBuffer.cpp">
      <Filter>Graphics</Filter>
    </ClCompile>
    <ClCompile Include="Fence.cpp">
      <Filter>Graphics</Filter>
    </ClCompile>
    <ClCompile Include="GraphicCard.cpp">
      <Filter>Graphics</Filter>
    </ClCompile>
    <ClCompile Include="PipelineState.cpp">
      <Filter>Graphics</Filter>
    </ClCompile>
    <ClCompile Include="RenderCore.cpp">
      <Filter>Graphics</Filter>
    </ClCompile>
    <ClCompile Include="RootSignature.cpp">
      <Filter>Graphics</Filter>
    </ClCompile>
    <ClCompile Include="SampleParticles.cpp">
      <Filter>Graphics</Filter>
    </ClCompile>
    <ClCompile Include="ShaderClass.cpp">
      <Filter>Graphics</Filter>
    </ClCompile>
    <ClCompile Include="DTimer.cpp">
      <Filter>UTIL</Filter>
    </ClCompile>
    <ClCompile Include="DX.cpp">
      <Filter>UTIL</Filter>
    </ClCompile>
    <ClCompile Include="Input.cpp">
      <Filter>UTIL</Filter>
    </ClCompile>
    <ClCompile Include="MCamera.cpp">
      <Filter>UTIL</Filter>
    </ClCompile>
    <ClCompile Include="Screen.cpp">
      <Filter>UTIL</Filter>
    </ClCompile>
    <ClCompile Include="Driver.cpp">
      <Filter>Game</Filter>
    </ClCompile>
    <ClCompile Include="GameObject.cpp">
      <Filter>Game</Filter>
    </ClCompile>
    <ClCompile Include="Scene.cpp">
      <Filter>Game</Filter>
    </ClCompile>
    <ClCompile Include="Camera.cpp">
      <Filter>Game\Component</Filter>
    </ClCompile>
    <ClCompile Include="ObjectBehaviour.cpp">
      <Filter>Game\Behaviour</Filter>
    </ClCompile>
    <ClCompile Include="ComputeUnit.cpp">
      <Filter>Game\Component</Filter>
    </ClCompile>
    <ClCompile Include="Renderer.cpp">
      <Filter>Game\Component</Filter>
    </ClCompile>
    <ClCompile Include="SampleMeshRender.cpp">
      <Filter>Game\Component</Filter>
    </ClCompile>
    <ClCompile Include="SpriteRenderer.cpp">
      <Filter>Game\Component</Filter>
    </ClCompile>
    <ClCompile Include="ParticlesRenderer.cpp">
      <Filter>Game\Component</Filter>
    </ClCompile>
    <ClCompile Include="ColorBuffer.cpp">
      <Filter>Graphics\Resource</Filter>
    </ClCompile>
    <ClCompile Include="DepthBuffer.cpp">
      <Filter>Graphics\Resource</Filter>
    </ClCompile>
    <ClCompile Include="GpuBuffer.cpp">
      <Filter>Graphics\Resource</Filter>
    </ClCompile>
    <ClCompile Include="GpuResource.cpp">
      <Filter>Graphics\Resource</Filter>
    </ClCompile>
    <ClCompile Include="PixelBuffer.cpp">
      <Filter>Graphics\Resource</Filter>
    </ClCompile>
    <ClCompile Include="VertexBuffer.cpp">
      <Filter>Graphics\Resource</Filter>
    </ClCompile>
    <ClCompile Include="MatrixBuffer.cpp">
      <Filter>Graphics\Resource</Filter>
    </ClCompile>
    <ClCompile Include="UICore.cpp">
      <Filter>Graphics</Filter>
    </ClCompile>
    <ClCompile Include="DebugLog.cpp">
      <Filter>UTIL</Filter>
    </ClCompile>
    <ClCompile Include="ThreadPool.cpp">
      <Filter>UTIL</Filter>
    </ClCompile>
    <ClCompile Include="ManagedTask.cpp">
      <Filter>UTIL</Filter>
    </ClCompile>
    <ClCompile Include="Object.cpp">
      <Filter>UTIL</Filter>
    </ClCompile>
    <ClCompile Include="Canvas.cpp" />
  </ItemGroup>
  <ItemGroup>
    <CustomBuild Include="triangle_shaders.hlsl">
      <Filter>Assets</Filter>
    </CustomBuild>
    <CustomBuild Include="texture_shaders.hlsl">
      <Filter>Assets</Filter>
    </CustomBuild>
    <CustomBuild Include="ParticleDraw.hlsl">
      <Filter>Assets</Filter>
    </CustomBuild>
    <CustomBuild Include="nBodyGravityCS.hlsl">
      <Filter>Assets</Filter>
    </CustomBuild>
    <CustomBuild Include="framebuffer_shaders.hlsl">
      <Filter>Assets</Filter>
    </CustomBuild>
    <CustomBuild Include="execute_indirect_shaders.hlsl">
      <Filter>Assets</Filter>
    </CustomBuild>
    <CustomBuild Include="constbuffers_shaders.hlsl">
      <Filter>Assets</Filter>
    </CustomBuild>
    <CustomBuild Include="cube_shader.hlsl">
      <Filter>Assets</Filter>
    </CustomBuild>
    <CustomBuild Include="compute_shader.hlsl">
      <Filter>Assets</Filter>
    </CustomBuild>
  </ItemGroup>
  <ItemGroup>
    <FxCompile Include="..\Assets\test.hlsli">
      <Filter>Assets</Filter>
    </FxCompile>
    <FxCompile Include="..\Assets\test.hlsl">
      <Filter>Assets</Filter>
    </FxCompile>
  </ItemGroup>
</Project>